
Microsoft Visual Studio Solution File, Format Version 12.00
# Visual Studio Version 16
VisualStudioVersion = 16.0.32413.511
MinimumVisualStudioVersion = 10.0.40219.1
Project("{FAE04EC0-301F-11D3-BF4B-00C04F79EFBC}") = "Croad", "Croad\Croad.csproj", "{DBAA0B15-12E8-424D-B580-A8EF115B622A}"
EndProject
Global
	GlobalSection(SolutionConfigurationPlatforms) = preSolution
		Debug|Any CPU = Debug|Any CPU
		Release|Any CPU = Release|Any CPU
	EndGlobalSection
	GlobalSection(ProjectConfigurationPlatforms) = postSolution
		{DBAA0B15-12E8-424D-B580-A8EF115B622A}.Debug|Any CPU.ActiveCfg = Debug|Any CPU
		{DBAA0B15-12E8-424D-B580-A8EF115B622A}.Debug|Any CPU.Build.0 = Debug|Any CPU
		{DBAA0B15-12E8-424D-B580-A8EF115B622A}.Release|Any CPU.ActiveCfg = Release|Any CPU
		{DBAA0B15-12E8-424D-B580-A8EF115B622A}.Release|Any CPU.Build.0 = Release|Any CPU
	EndGlobalSection
	GlobalSection(SolutionProperties) = preSolution
		HideSolutionNode = FALSE
	EndGlobalSection
	GlobalSection(ExtensibilityGlobals) = postSolution
		SolutionGuid = {E4B5073A-55D1-4769-B9EA-D773FE9F1A7D}
	EndGlobalSection
EndGlobal
